
Microsoft Visual Studio Solution File, Format Version 12.00
# Visual Studio Version 17
VisualStudioVersion = 17.8.34525.116
MinimumVisualStudioVersion = 10.0.40219.1
Project("{FAE04EC0-301F-11D3-BF4B-00C04F79EFBC}") = "FutureValue", "FutureValue\FutureValue.csproj", "{832E09E9-B964-482F-8ABE-634A2634615F}"
EndProject
Global
	GlobalSection(SolutionConfigurationPlatforms) = preSolution
		Debug|Any CPU = Debug|Any CPU
		Release|Any CPU = Release|Any CPU
	EndGlobalSection
	GlobalSection(ProjectConfigurationPlatforms) = postSolution
		{832E09E9-B964-482F-8ABE-634A2634615F}.Debug|Any CPU.ActiveCfg = Debug|Any CPU
		{832E09E9-B964-482F-8ABE-634A2634615F}.Debug|Any CPU.Build.0 = Debug|Any CPU
		{832E09E9-B964-482F-8ABE-634A2634615F}.Release|Any CPU.ActiveCfg = Release|Any CPU
		{832E09E9-B964-482F-8ABE-634A2634615F}.Release|Any CPU.Build.0 = Release|Any CPU
	EndGlobalSection
	GlobalSection(SolutionProperties) = preSolution
		HideSolutionNode = FALSE
	EndGlobalSection
	GlobalSection(ExtensibilityGlobals) = postSolution
		SolutionGuid = {C9EBC3D4-1183-4259-B766-956B146CA55A}
	EndGlobalSection
EndGlobal
